# THIS IS AN AUTOGENERATED FILE. DO NOT EDIT THIS FILE DIRECTLY.
# yarn lockfile v1


gaudiamus-css@^1.2.6:
  version "1.2.6"
  resolved "https://registry.yarnpkg.com/gaudiamus-css/-/gaudiamus-css-1.2.6.tgz#c26269d26f98d8c589de9507acd7ffe4a609030f"
  integrity sha512-OM4+bOX+mECg4BBBOvAPhPl34zJBrye1aBm0PpcPa4CoB7vPdMGp2414KDB3PD+i6KOSZlxQRjE7+/FSjWeJfg==
