# THIS IS AN AUTOGENERATED FILE. DO NOT EDIT THIS FILE DIRECTLY.
# yarn lockfile v1


gaudiamus-css@^1.2.6:
  version "1.2.7"
  resolved "https://registry.yarnpkg.com/gaudiamus-css/-/gaudiamus-css-1.2.7.tgz#22eab56e7529855b594731c775d18910f44b9f6d"
  integrity sha512-r+AFrDzCB+6jWWQMdB9c0Z3DTvhkiHFWHHX7sBFyW/lZv9hrshGC0UKrMhvlNUaytcCCMNgNDhFqjBGRC2l7ZA==
